// !$*UTF8*$!
{
	archiveVersion = 1;
	classes = {
	};
	objectVersion = 46;
	objects = {

/* Begin PBXBuildFile section */
		6975BD241D7D3DE70012B029 /* main.m in Sources */ = {isa = PBXBuildFile; fileRef = 6975BD231D7D3DE70012B029 /* main.m */; };
		6975BD271D7D3DE70012B029 /* AppDelegate.m in Sources */ = {isa = PBXBuildFile; fileRef = 6975BD261D7D3DE70012B029 /* AppDelegate.m */; };
		6975BD2A1D7D3DE70012B029 /* SongsViewController.m in Sources */ = {isa = PBXBuildFile; fileRef = 6975BD291D7D3DE70012B029 /* SongsViewController.m */; };
		6975BD2D1D7D3DE70012B029 /* Main.storyboard in Resources */ = {isa = PBXBuildFile; fileRef = 6975BD2B1D7D3DE70012B029 /* Main.storyboard */; };
		6975BD2F1D7D3DE70012B029 /* Assets.xcassets in Resources */ = {isa = PBXBuildFile; fileRef = 6975BD2E1D7D3DE70012B029 /* Assets.xcassets */; };
		6975BD321D7D3DE70012B029 /* LaunchScreen.storyboard in Resources */ = {isa = PBXBuildFile; fileRef = 6975BD301D7D3DE70012B029 /* LaunchScreen.storyboard */; };
		6975BD3D1D7D3DE70012B029 /* musicShackTests.m in Sources */ = {isa = PBXBuildFile; fileRef = 6975BD3C1D7D3DE70012B029 /* musicShackTests.m */; };
		6975BD481D7D3DE70012B029 /* musicShackUITests.m in Sources */ = {isa = PBXBuildFile; fileRef = 6975BD471D7D3DE70012B029 /* musicShackUITests.m */; };
		6975BD561D7D3F030012B029 /* BasicCell.xib in Resources */ = {isa = PBXBuildFile; fileRef = 6975BD551D7D3F030012B029 /* BasicCell.xib */; };
		6975BD581D7D3F0C0012B029 /* BasicCell.m in Sources */ = {isa = PBXBuildFile; fileRef = 6975BD571D7D3F0C0012B029 /* BasicCell.m */; };
		6975BD5B1D7DDFDC0012B029 /* ArtistsViewController.m in Sources */ = {isa = PBXBuildFile; fileRef = 6975BD5A1D7DDFDC0012B029 /* ArtistsViewController.m */; };
		6975BD601D7DE1B20012B029 /* logo120.png in Resources */ = {isa = PBXBuildFile; fileRef = 6975BD5E1D7DE1B20012B029 /* logo120.png */; };
		6975BD611D7DE1B20012B029 /* logo180.png in Resources */ = {isa = PBXBuildFile; fileRef = 6975BD5F1D7DE1B20012B029 /* logo180.png */; };
		6975BD641D7DE82B0012B029 /* PlaylistsViewController.m in Sources */ = {isa = PBXBuildFile; fileRef = 6975BD631D7DE82B0012B029 /* PlaylistsViewController.m */; };
		6975BD661D7DEAB90012B029 /* AlbumsViewController.m in Sources */ = {isa = PBXBuildFile; fileRef = 6975BD651D7DEAB90012B029 /* AlbumsViewController.m */; };
		6975BD691D7DEB630012B029 /* MusicViewController.m in Sources */ = {isa = PBXBuildFile; fileRef = 6975BD681D7DEB630012B029 /* MusicViewController.m */; };
		6975BD6D1D7DF57E0012B029 /* MainTabBarController.m in Sources */ = {isa = PBXBuildFile; fileRef = 6975BD6C1D7DF57E0012B029 /* MainTabBarController.m */; };
		6975BD6F1D7DFB350012B029 /* SideBarView.m in Sources */ = {isa = PBXBuildFile; fileRef = 6975BD6E1D7DFB350012B029 /* SideBarView.m */; };
		6975BD731D7DFCB90012B029 /* repeat.png in Resources */ = {isa = PBXBuildFile; fileRef = 6975BD711D7DFCB90012B029 /* repeat.png */; };
		6975BD741D7DFCB90012B029 /* shuffle.png in Resources */ = {isa = PBXBuildFile; fileRef = 6975BD721D7DFCB90012B029 /* shuffle.png */; };
		6975BD761D7DFFB30012B029 /* genius.png in Resources */ = {isa = PBXBuildFile; fileRef = 6975BD751D7DFFB30012B029 /* genius.png */; };
		6975BD781D7E00910012B029 /* upnext.png in Resources */ = {isa = PBXBuildFile; fileRef = 6975BD771D7E00910012B029 /* upnext.png */; };
		6975BD7A1D7E04B10012B029 /* SubInfoTableViewController.m in Sources */ = {isa = PBXBuildFile; fileRef = 6975BD791D7E04B10012B029 /* SubInfoTableViewController.m */; };
		6975BD831D85E4CB0012B029 /* SubPlaylistViewController.m in Sources */ = {isa = PBXBuildFile; fileRef = 6975BD821D85E4CB0012B029 /* SubPlaylistViewController.m */; };
/* End PBXBuildFile section */

/* Begin PBXContainerItemProxy section */
		6975BD391D7D3DE70012B029 /* PBXContainerItemProxy */ = {
			isa = PBXContainerItemProxy;
			containerPortal = 6975BD171D7D3DE70012B029 /* Project object */;
			proxyType = 1;
			remoteGlobalIDString = 6975BD1E1D7D3DE70012B029;
			remoteInfo = musicShack;
		};
		6975BD441D7D3DE70012B029 /* PBXContainerItemProxy */ = {
			isa = PBXContainerItemProxy;
			containerPortal = 6975BD171D7D3DE70012B029 /* Project object */;
			proxyType = 1;
			remoteGlobalIDString = 6975BD1E1D7D3DE70012B029;
			remoteInfo = musicShack;
		};
/* End PBXContainerItemProxy section */

/* Begin PBXFileReference section */
		6975BD1F1D7D3DE70012B029 /* musicShack.app */ = {isa = PBXFileReference; explicitFileType = wrapper.application; includeInIndex = 0; path = musicShack.app; sourceTree = BUILT_PRODUCTS_DIR; };
		6975BD231D7D3DE70012B029 /* main.m */ = {isa = PBXFileReference; lastKnownFileType = sourcecode.c.objc; path = main.m; sourceTree = "<group>"; };
		6975BD251D7D3DE70012B029 /* AppDelegate.h */ = {isa = PBXFileReference; lastKnownFileType = sourcecode.c.h; path = AppDelegate.h; sourceTree = "<group>"; };
		6975BD261D7D3DE70012B029 /* AppDelegate.m */ = {isa = PBXFileReference; lastKnownFileType = sourcecode.c.objc; path = AppDelegate.m; sourceTree = "<group>"; };
		6975BD281D7D3DE70012B029 /* SongsViewController.h */ = {isa = PBXFileReference; lastKnownFileType = sourcecode.c.h; path = SongsViewController.h; sourceTree = "<group>"; };
		6975BD291D7D3DE70012B029 /* SongsViewController.m */ = {isa = PBXFileReference; lastKnownFileType = sourcecode.c.objc; path = SongsViewController.m; sourceTree = "<group>"; };
		6975BD2C1D7D3DE70012B029 /* Base */ = {isa = PBXFileReference; lastKnownFileType = file.storyboard; name = Base; path = Base.lproj/Main.storyboard; sourceTree = "<group>"; };
		6975BD2E1D7D3DE70012B029 /* Assets.xcassets */ = {isa = PBXFileReference; lastKnownFileType = folder.assetcatalog; path = Assets.xcassets; sourceTree = "<group>"; };
		6975BD311D7D3DE70012B029 /* Base */ = {isa = PBXFileReference; lastKnownFileType = file.storyboard; name = Base; path = Base.lproj/LaunchScreen.storyboard; sourceTree = "<group>"; };
		6975BD331D7D3DE70012B029 /* Info.plist */ = {isa = PBXFileReference; lastKnownFileType = text.plist.xml; path = Info.plist; sourceTree = "<group>"; };
		6975BD381D7D3DE70012B029 /* musicShackTests.xctest */ = {isa = PBXFileReference; explicitFileType = wrapper.cfbundle; includeInIndex = 0; path = musicShackTests.xctest; sourceTree = BUILT_PRODUCTS_DIR; };
		6975BD3C1D7D3DE70012B029 /* musicShackTests.m */ = {isa = PBXFileReference; lastKnownFileType = sourcecode.c.objc; path = musicShackTests.m; sourceTree = "<group>"; };
		6975BD3E1D7D3DE70012B029 /* Info.plist */ = {isa = PBXFileReference; lastKnownFileType = text.plist.xml; path = Info.plist; sourceTree = "<group>"; };
		6975BD431D7D3DE70012B029 /* musicShackUITests.xctest */ = {isa = PBXFileReference; explicitFileType = wrapper.cfbundle; includeInIndex = 0; path = musicShackUITests.xctest; sourceTree = BUILT_PRODUCTS_DIR; };
		6975BD471D7D3DE70012B029 /* musicShackUITests.m */ = {isa = PBXFileReference; lastKnownFileType = sourcecode.c.objc; path = musicShackUITests.m; sourceTree = "<group>"; };
		6975BD491D7D3DE70012B029 /* Info.plist */ = {isa = PBXFileReference; lastKnownFileType = text.plist.xml; path = Info.plist; sourceTree = "<group>"; };
		6975BD551D7D3F030012B029 /* BasicCell.xib */ = {isa = PBXFileReference; fileEncoding = 4; lastKnownFileType = file.xib; path = BasicCell.xib; sourceTree = "<group>"; };
		6975BD571D7D3F0C0012B029 /* BasicCell.m */ = {isa = PBXFileReference; fileEncoding = 4; lastKnownFileType = sourcecode.c.objc; path = BasicCell.m; sourceTree = "<group>"; };
		6975BD591D7D3F100012B029 /* BasicCell.h */ = {isa = PBXFileReference; lastKnownFileType = sourcecode.c.h; path = BasicCell.h; sourceTree = "<group>"; };
		6975BD5A1D7DDFDC0012B029 /* ArtistsViewController.m */ = {isa = PBXFileReference; fileEncoding = 4; lastKnownFileType = sourcecode.c.objc; path = ArtistsViewController.m; sourceTree = "<group>"; };
		6975BD5C1D7DDFE60012B029 /* ArtistsViewController.h */ = {isa = PBXFileReference; lastKnownFileType = sourcecode.c.h; path = ArtistsViewController.h; sourceTree = "<group>"; };
		6975BD5E1D7DE1B20012B029 /* logo120.png */ = {isa = PBXFileReference; lastKnownFileType = image.png; path = logo120.png; sourceTree = "<group>"; };
		6975BD5F1D7DE1B20012B029 /* logo180.png */ = {isa = PBXFileReference; lastKnownFileType = image.png; path = logo180.png; sourceTree = "<group>"; };
		6975BD621D7DE8220012B029 /* PlaylistsViewController.h */ = {isa = PBXFileReference; lastKnownFileType = sourcecode.c.h; path = PlaylistsViewController.h; sourceTree = "<group>"; };
		6975BD631D7DE82B0012B029 /* PlaylistsViewController.m */ = {isa = PBXFileReference; fileEncoding = 4; lastKnownFileType = sourcecode.c.objc; path = PlaylistsViewController.m; sourceTree = "<group>"; };
		6975BD651D7DEAB90012B029 /* AlbumsViewController.m */ = {isa = PBXFileReference; fileEncoding = 4; lastKnownFileType = sourcecode.c.objc; path = AlbumsViewController.m; sourceTree = "<group>"; };
		6975BD671D7DEAC10012B029 /* AlbumsViewController.h */ = {isa = PBXFileReference; lastKnownFileType = sourcecode.c.h; path = AlbumsViewController.h; sourceTree = "<group>"; };
		6975BD681D7DEB630012B029 /* MusicViewController.m */ = {isa = PBXFileReference; fileEncoding = 4; lastKnownFileType = sourcecode.c.objc; path = MusicViewController.m; sourceTree = "<group>"; };
		6975BD6A1D7DEB6B0012B029 /* MusicViewController.h */ = {isa = PBXFileReference; lastKnownFileType = sourcecode.c.h; path = MusicViewController.h; sourceTree = "<group>"; };
		6975BD6B1D7DF5760012B029 /* MainTabBarController.h */ = {isa = PBXFileReference; lastKnownFileType = sourcecode.c.h; path = MainTabBarController.h; sourceTree = "<group>"; };
		6975BD6C1D7DF57E0012B029 /* MainTabBarController.m */ = {isa = PBXFileReference; fileEncoding = 4; lastKnownFileType = sourcecode.c.objc; path = MainTabBarController.m; sourceTree = "<group>"; };
		6975BD6E1D7DFB350012B029 /* SideBarView.m */ = {isa = PBXFileReference; fileEncoding = 4; lastKnownFileType = sourcecode.c.objc; path = SideBarView.m; sourceTree = "<group>"; };
		6975BD701D7DFB450012B029 /* SideBarView.h */ = {isa = PBXFileReference; lastKnownFileType = sourcecode.c.h; path = SideBarView.h; sourceTree = "<group>"; };
		6975BD711D7DFCB90012B029 /* repeat.png */ = {isa = PBXFileReference; lastKnownFileType = image.png; path = repeat.png; sourceTree = "<group>"; };
		6975BD721D7DFCB90012B029 /* shuffle.png */ = {isa = PBXFileReference; lastKnownFileType = image.png; path = shuffle.png; sourceTree = "<group>"; };
		6975BD751D7DFFB30012B029 /* genius.png */ = {isa = PBXFileReference; lastKnownFileType = image.png; path = genius.png; sourceTree = "<group>"; };
		6975BD771D7E00910012B029 /* upnext.png */ = {isa = PBXFileReference; lastKnownFileType = image.png; path = upnext.png; sourceTree = "<group>"; };
		6975BD791D7E04B10012B029 /* SubInfoTableViewController.m */ = {isa = PBXFileReference; fileEncoding = 4; lastKnownFileType = sourcecode.c.objc; path = SubInfoTableViewController.m; sourceTree = "<group>"; };
		6975BD7B1D7E05010012B029 /* SubInfoTableViewController.h */ = {isa = PBXFileReference; lastKnownFileType = sourcecode.c.h; path = SubInfoTableViewController.h; sourceTree = "<group>"; };
		6975BD821D85E4CB0012B029 /* SubPlaylistViewController.m */ = {isa = PBXFileReference; fileEncoding = 4; lastKnownFileType = sourcecode.c.objc; path = SubPlaylistViewController.m; sourceTree = "<group>"; };
		6975BD841D85E4D30012B029 /* SubPlaylistViewController.h */ = {isa = PBXFileReference; lastKnownFileType = sourcecode.c.h; path = SubPlaylistViewController.h; sourceTree = "<group>"; };
/* End PBXFileReference section */

/* Begin PBXFrameworksBuildPhase section */
		6975BD1C1D7D3DE70012B029 /* Frameworks */ = {
			isa = PBXFrameworksBuildPhase;
			buildActionMask = 2147483647;
			files = (
			);
			runOnlyForDeploymentPostprocessing = 0;
		};
		6975BD351D7D3DE70012B029 /* Frameworks */ = {
			isa = PBXFrameworksBuildPhase;
			buildActionMask = 2147483647;
			files = (
			);
			runOnlyForDeploymentPostprocessing = 0;
		};
		6975BD401D7D3DE70012B029 /* Frameworks */ = {
			isa = PBXFrameworksBuildPhase;
			buildActionMask = 2147483647;
			files = (
			);
			runOnlyForDeploymentPostprocessing = 0;
		};
/* End PBXFrameworksBuildPhase section */

/* Begin PBXGroup section */
		6975BD161D7D3DE70012B029 = {
			isa = PBXGroup;
			children = (
				6975BD211D7D3DE70012B029 /* musicShack */,
				6975BD3B1D7D3DE70012B029 /* musicShackTests */,
				6975BD461D7D3DE70012B029 /* musicShackUITests */,
				6975BD201D7D3DE70012B029 /* Products */,
			);
			sourceTree = "<group>";
		};
		6975BD201D7D3DE70012B029 /* Products */ = {
			isa = PBXGroup;
			children = (
				6975BD1F1D7D3DE70012B029 /* musicShack.app */,
				6975BD381D7D3DE70012B029 /* musicShackTests.xctest */,
				6975BD431D7D3DE70012B029 /* musicShackUITests.xctest */,
			);
			name = Products;
			sourceTree = "<group>";
		};
		6975BD211D7D3DE70012B029 /* musicShack */ = {
			isa = PBXGroup;
			children = (
				6975BD251D7D3DE70012B029 /* AppDelegate.h */,
				6975BD261D7D3DE70012B029 /* AppDelegate.m */,
				6975BD5D1D7DDFF50012B029 /* ViewControllers */,
				6975BD551D7D3F030012B029 /* BasicCell.xib */,
				6975BD571D7D3F0C0012B029 /* BasicCell.m */,
				6975BD591D7D3F100012B029 /* BasicCell.h */,
				6975BD2E1D7D3DE70012B029 /* Assets.xcassets */,
				6975BD301D7D3DE70012B029 /* LaunchScreen.storyboard */,
				6975BD331D7D3DE70012B029 /* Info.plist */,
				6975BD221D7D3DE70012B029 /* Supporting Files */,
			);
			path = musicShack;
			sourceTree = "<group>";
		};
		6975BD221D7D3DE70012B029 /* Supporting Files */ = {
			isa = PBXGroup;
			children = (
				6975BD771D7E00910012B029 /* upnext.png */,
				6975BD751D7DFFB30012B029 /* genius.png */,
				6975BD711D7DFCB90012B029 /* repeat.png */,
				6975BD721D7DFCB90012B029 /* shuffle.png */,
				6975BD5E1D7DE1B20012B029 /* logo120.png */,
				6975BD5F1D7DE1B20012B029 /* logo180.png */,
				6975BD231D7D3DE70012B029 /* main.m */,
			);
			name = "Supporting Files";
			sourceTree = "<group>";
		};
		6975BD3B1D7D3DE70012B029 /* musicShackTests */ = {
			isa = PBXGroup;
			children = (
				6975BD3C1D7D3DE70012B029 /* musicShackTests.m */,
				6975BD3E1D7D3DE70012B029 /* Info.plist */,
			);
			path = musicShackTests;
			sourceTree = "<group>";
		};
		6975BD461D7D3DE70012B029 /* musicShackUITests */ = {
			isa = PBXGroup;
			children = (
				6975BD471D7D3DE70012B029 /* musicShackUITests.m */,
				6975BD491D7D3DE70012B029 /* Info.plist */,
			);
			path = musicShackUITests;
			sourceTree = "<group>";
		};
		6975BD5D1D7DDFF50012B029 /* ViewControllers */ = {
			isa = PBXGroup;
			children = (
				6975BD2B1D7D3DE70012B029 /* Main.storyboard */,
				6975BD6B1D7DF5760012B029 /* MainTabBarController.h */,
				6975BD6C1D7DF57E0012B029 /* MainTabBarController.m */,
				6975BD6A1D7DEB6B0012B029 /* MusicViewController.h */,
				6975BD681D7DEB630012B029 /* MusicViewController.m */,
				6975BD701D7DFB450012B029 /* SideBarView.h */,
				6975BD6E1D7DFB350012B029 /* SideBarView.m */,
				6975BD861D85E4DE0012B029 /* Artists */,
				6975BD851D85E4D70012B029 /* Playlists */,
				6975BD281D7D3DE70012B029 /* SongsViewController.h */,
				6975BD291D7D3DE70012B029 /* SongsViewController.m */,
				6975BD671D7DEAC10012B029 /* AlbumsViewController.h */,
				6975BD651D7DEAB90012B029 /* AlbumsViewController.m */,
			);
			name = ViewControllers;
			sourceTree = "<group>";
		};
		6975BD851D85E4D70012B029 /* Playlists */ = {
			isa = PBXGroup;
			children = (
				6975BD621D7DE8220012B029 /* PlaylistsViewController.h */,
				6975BD631D7DE82B0012B029 /* PlaylistsViewController.m */,
				6975BD841D85E4D30012B029 /* SubPlaylistViewController.h */,
				6975BD821D85E4CB0012B029 /* SubPlaylistViewController.m */,
			);
			name = Playlists;
			sourceTree = "<group>";
		};
		6975BD861D85E4DE0012B029 /* Artists */ = {
			isa = PBXGroup;
			children = (
				6975BD5C1D7DDFE60012B029 /* ArtistsViewController.h */,
				6975BD5A1D7DDFDC0012B029 /* ArtistsViewController.m */,
				6975BD7B1D7E05010012B029 /* SubInfoTableViewController.h */,
				6975BD791D7E04B10012B029 /* SubInfoTableViewController.m */,
			);
			name = Artists;
			sourceTree = "<group>";
		};
/* End PBXGroup section */

/* Begin PBXNativeTarget section */
		6975BD1E1D7D3DE70012B029 /* musicShack */ = {
			isa = PBXNativeTarget;
			buildConfigurationList = 6975BD4C1D7D3DE70012B029 /* Build configuration list for PBXNativeTarget "musicShack" */;
			buildPhases = (
				6975BD1B1D7D3DE70012B029 /* Sources */,
				6975BD1C1D7D3DE70012B029 /* Frameworks */,
				6975BD1D1D7D3DE70012B029 /* Resources */,
			);
			buildRules = (
			);
			dependencies = (
			);
			name = musicShack;
			productName = musicShack;
			productReference = 6975BD1F1D7D3DE70012B029 /* musicShack.app */;
			productType = "com.apple.product-type.application";
		};
		6975BD371D7D3DE70012B029 /* musicShackTests */ = {
			isa = PBXNativeTarget;
			buildConfigurationList = 6975BD4F1D7D3DE70012B029 /* Build configuration list for PBXNativeTarget "musicShackTests" */;
			buildPhases = (
				6975BD341D7D3DE70012B029 /* Sources */,
				6975BD351D7D3DE70012B029 /* Frameworks */,
				6975BD361D7D3DE70012B029 /* Resources */,
			);
			buildRules = (
			);
			dependencies = (
				6975BD3A1D7D3DE70012B029 /* PBXTargetDependency */,
			);
			name = musicShackTests;
			productName = musicShackTests;
			productReference = 6975BD381D7D3DE70012B029 /* musicShackTests.xctest */;
			productType = "com.apple.product-type.bundle.unit-test";
		};
		6975BD421D7D3DE70012B029 /* musicShackUITests */ = {
			isa = PBXNativeTarget;
			buildConfigurationList = 6975BD521D7D3DE70012B029 /* Build configuration list for PBXNativeTarget "musicShackUITests" */;
			buildPhases = (
				6975BD3F1D7D3DE70012B029 /* Sources */,
				6975BD401D7D3DE70012B029 /* Frameworks */,
				6975BD411D7D3DE70012B029 /* Resources */,
			);
			buildRules = (
			);
			dependencies = (
				6975BD451D7D3DE70012B029 /* PBXTargetDependency */,
			);
			name = musicShackUITests;
			productName = musicShackUITests;
			productReference = 6975BD431D7D3DE70012B029 /* musicShackUITests.xctest */;
			productType = "com.apple.product-type.bundle.ui-testing";
		};
/* End PBXNativeTarget section */

/* Begin PBXProject section */
		6975BD171D7D3DE70012B029 /* Project object */ = {
			isa = PBXProject;
			attributes = {
				LastUpgradeCheck = 0730;
				ORGANIZATIONNAME = "Dylan Shackelford";
				TargetAttributes = {
					6975BD1E1D7D3DE70012B029 = {
						CreatedOnToolsVersion = 7.3.1;
					};
					6975BD371D7D3DE70012B029 = {
						CreatedOnToolsVersion = 7.3.1;
						TestTargetID = 6975BD1E1D7D3DE70012B029;
					};
					6975BD421D7D3DE70012B029 = {
						CreatedOnToolsVersion = 7.3.1;
						TestTargetID = 6975BD1E1D7D3DE70012B029;
					};
				};
			};
			buildConfigurationList = 6975BD1A1D7D3DE70012B029 /* Build configuration list for PBXProject "musicShack" */;
			compatibilityVersion = "Xcode 3.2";
			developmentRegion = English;
			hasScannedForEncodings = 0;
			knownRegions = (
				en,
				Base,
			);
			mainGroup = 6975BD161D7D3DE70012B029;
			productRefGroup = 6975BD201D7D3DE70012B029 /* Products */;
			projectDirPath = "";
			projectRoot = "";
			targets = (
				6975BD1E1D7D3DE70012B029 /* musicShack */,
				6975BD371D7D3DE70012B029 /* musicShackTests */,
				6975BD421D7D3DE70012B029 /* musicShackUITests */,
			);
		};
/* End PBXProject section */

/* Begin PBXResourcesBuildPhase section */
		6975BD1D1D7D3DE70012B029 /* Resources */ = {
			isa = PBXResourcesBuildPhase;
			buildActionMask = 2147483647;
			files = (
				6975BD561D7D3F030012B029 /* BasicCell.xib in Resources */,
				6975BD321D7D3DE70012B029 /* LaunchScreen.storyboard in Resources */,
				6975BD731D7DFCB90012B029 /* repeat.png in Resources */,
				6975BD781D7E00910012B029 /* upnext.png in Resources */,
				6975BD741D7DFCB90012B029 /* shuffle.png in Resources */,
				6975BD761D7DFFB30012B029 /* genius.png in Resources */,
				6975BD611D7DE1B20012B029 /* logo180.png in Resources */,
				6975BD2F1D7D3DE70012B029 /* Assets.xcassets in Resources */,
				6975BD601D7DE1B20012B029 /* logo120.png in Resources */,
				6975BD2D1D7D3DE70012B029 /* Main.storyboard in Resources */,
			);
			runOnlyForDeploymentPostprocessing = 0;
		};
		6975BD361D7D3DE70012B029 /* Resources */ = {
			isa = PBXResourcesBuildPhase;
			buildActionMask = 2147483647;
			files = (
			);
			runOnlyForDeploymentPostprocessing = 0;
		};
		6975BD411D7D3DE70012B029 /* Resources */ = {
			isa = PBXResourcesBuildPhase;
			buildActionMask = 2147483647;
			files = (
			);
			runOnlyForDeploymentPostprocessing = 0;
		};
/* End PBXResourcesBuildPhase section */

/* Begin PBXSourcesBuildPhase section */
		6975BD1B1D7D3DE70012B029 /* Sources */ = {
			isa = PBXSourcesBuildPhase;
			buildActionMask = 2147483647;
			files = (
				6975BD691D7DEB630012B029 /* MusicViewController.m in Sources */,
				6975BD581D7D3F0C0012B029 /* BasicCell.m in Sources */,
				6975BD7A1D7E04B10012B029 /* SubInfoTableViewController.m in Sources */,
				6975BD6D1D7DF57E0012B029 /* MainTabBarController.m in Sources */,
				6975BD661D7DEAB90012B029 /* AlbumsViewController.m in Sources */,
				6975BD2A1D7D3DE70012B029 /* SongsViewController.m in Sources */,
				6975BD641D7DE82B0012B029 /* PlaylistsViewController.m in Sources */,
				6975BD6F1D7DFB350012B029 /* SideBarView.m in Sources */,
				6975BD271D7D3DE70012B029 /* AppDelegate.m in Sources */,
				6975BD831D85E4CB0012B029 /* SubPlaylistViewController.m in Sources */,
				6975BD241D7D3DE70012B029 /* main.m in Sources */,
				6975BD5B1D7DDFDC0012B029 /* ArtistsViewController.m in Sources */,
			);
			runOnlyForDeploymentPostprocessing = 0;
		};
		6975BD341D7D3DE70012B029 /* Sources */ = {
			isa = PBXSourcesBuildPhase;
			buildActionMask = 2147483647;
			files = (
				6975BD3D1D7D3DE70012B029 /* musicShackTests.m in Sources */,
			);
			runOnlyForDeploymentPostprocessing = 0;
		};
		6975BD3F1D7D3DE70012B029 /* Sources */ = {
			isa = PBXSourcesBuildPhase;
			buildActionMask = 2147483647;
			files = (
				6975BD481D7D3DE70012B029 /* musicShackUITests.m in Sources */,
			);
			runOnlyForDeploymentPostprocessing = 0;
		};
/* End PBXSourcesBuildPhase section */

/* Begin PBXTargetDependency section */
		6975BD3A1D7D3DE70012B029 /* PBXTargetDependency */ = {
			isa = PBXTargetDependency;
			target = 6975BD1E1D7D3DE70012B029 /* musicShack */;
			targetProxy = 6975BD391D7D3DE70012B029 /* PBXContainerItemProxy */;
		};
		6975BD451D7D3DE70012B029 /* PBXTargetDependency */ = {
			isa = PBXTargetDependency;
			target = 6975BD1E1D7D3DE70012B029 /* musicShack */;
			targetProxy = 6975BD441D7D3DE70012B029 /* PBXContainerItemProxy */;
		};
/* End PBXTargetDependency section */

/* Begin PBXVariantGroup section */
		6975BD2B1D7D3DE70012B029 /* Main.storyboard */ = {
			isa = PBXVariantGroup;
			children = (
				6975BD2C1D7D3DE70012B029 /* Base */,
			);
			name = Main.storyboard;
			sourceTree = "<group>";
		};
		6975BD301D7D3DE70012B029 /* LaunchScreen.storyboard */ = {
			isa = PBXVariantGroup;
			children = (
				6975BD311D7D3DE70012B029 /* Base */,
			);
			name = LaunchScreen.storyboard;
			sourceTree = "<group>";
		};
/* End PBXVariantGroup section */

/* Begin XCBuildConfiguration section */
		6975BD4A1D7D3DE70012B029 /* Debug */ = {
			isa = XCBuildConfiguration;
			buildSettings = {
				ALWAYS_SEARCH_USER_PATHS = NO;
				CLANG_ANALYZER_NONNULL = YES;
				CLANG_CXX_LANGUAGE_STANDARD = "gnu++0x";
				CLANG_CXX_LIBRARY = "libc++";
				CLANG_ENABLE_MODULES = YES;
				CLANG_ENABLE_OBJC_ARC = YES;
				CLANG_WARN_BOOL_CONVERSION = YES;
				CLANG_WARN_CONSTANT_CONVERSION = YES;
				CLANG_WARN_DIRECT_OBJC_ISA_USAGE = YES_ERROR;
				CLANG_WARN_EMPTY_BODY = YES;
				CLANG_WARN_ENUM_CONVERSION = YES;
				CLANG_WARN_INT_CONVERSION = YES;
				CLANG_WARN_OBJC_ROOT_CLASS = YES_ERROR;
				CLANG_WARN_UNREACHABLE_CODE = YES;
				CLANG_WARN__DUPLICATE_METHOD_MATCH = YES;
				"CODE_SIGN_IDENTITY[sdk=iphoneos*]" = "iPhone Developer";
				COPY_PHASE_STRIP = NO;
				DEBUG_INFORMATION_FORMAT = dwarf;
				ENABLE_STRICT_OBJC_MSGSEND = YES;
				ENABLE_TESTABILITY = YES;
				GCC_C_LANGUAGE_STANDARD = gnu99;
				GCC_DYNAMIC_NO_PIC = NO;
				GCC_NO_COMMON_BLOCKS = YES;
				GCC_OPTIMIZATION_LEVEL = 0;
				GCC_PREPROCESSOR_DEFINITIONS = (
					"DEBUG=1",
					"$(inherited)",
				);
				GCC_WARN_64_TO_32_BIT_CONVERSION = YES;
				GCC_WARN_ABOUT_RETURN_TYPE = YES_ERROR;
				GCC_WARN_UNDECLARED_SELECTOR = YES;
				GCC_WARN_UNINITIALIZED_AUTOS = YES_AGGRESSIVE;
				GCC_WARN_UNUSED_FUNCTION = YES;
				GCC_WARN_UNUSED_VARIABLE = YES;
				IPHONEOS_DEPLOYMENT_TARGET = 9.3;
				MTL_ENABLE_DEBUG_INFO = YES;
				ONLY_ACTIVE_ARCH = YES;
				SDKROOT = iphoneos;
			};
			name = Debug;
		};
		6975BD4B1D7D3DE70012B029 /* Release */ = {
			isa = XCBuildConfiguration;
			buildSettings = {
				ALWAYS_SEARCH_USER_PATHS = NO;
				CLANG_ANALYZER_NONNULL = YES;
				CLANG_CXX_LANGUAGE_STANDARD = "gnu++0x";
				CLANG_CXX_LIBRARY = "libc++";
				CLANG_ENABLE_MODULES = YES;
				CLANG_ENABLE_OBJC_ARC = YES;
				CLANG_WARN_BOOL_CONVERSION = YES;
				CLANG_WARN_CONSTANT_CONVERSION = YES;
				CLANG_WARN_DIRECT_OBJC_ISA_USAGE = YES_ERROR;
				CLANG_WARN_EMPTY_BODY = YES;
				CLANG_WARN_ENUM_CONVERSION = YES;
				CLANG_WARN_INT_CONVERSION = YES;
				CLANG_WARN_OBJC_ROOT_CLASS = YES_ERROR;
				CLANG_WARN_UNREACHABLE_CODE = YES;
				CLANG_WARN__DUPLICATE_METHOD_MATCH = YES;
				"CODE_SIGN_IDENTITY[sdk=iphoneos*]" = "iPhone Developer";
				COPY_PHASE_STRIP = NO;
				DEBUG_INFORMATION_FORMAT = "dwarf-with-dsym";
				ENABLE_NS_ASSERTIONS = NO;
				ENABLE_STRICT_OBJC_MSGSEND = YES;
				GCC_C_LANGUAGE_STANDARD = gnu99;
				GCC_NO_COMMON_BLOCKS = YES;
				GCC_WARN_64_TO_32_BIT_CONVERSION = YES;
				GCC_WARN_ABOUT_RETURN_TYPE = YES_ERROR;
				GCC_WARN_UNDECLARED_SELECTOR = YES;
				GCC_WARN_UNINITIALIZED_AUTOS = YES_AGGRESSIVE;
				GCC_WARN_UNUSED_FUNCTION = YES;
				GCC_WARN_UNUSED_VARIABLE = YES;
				IPHONEOS_DEPLOYMENT_TARGET = 9.3;
				MTL_ENABLE_DEBUG_INFO = NO;
				SDKROOT = iphoneos;
				VALIDATE_PRODUCT = YES;
			};
			name = Release;
		};
		6975BD4D1D7D3DE70012B029 /* Debug */ = {
			isa = XCBuildConfiguration;
			buildSettings = {
				ASSETCATALOG_COMPILER_APPICON_NAME = AppIcon;
				INFOPLIST_FILE = musicShack/Info.plist;
				LD_RUNPATH_SEARCH_PATHS = "$(inherited) @executable_path/Frameworks";
				PRODUCT_BUNDLE_IDENTIFIER = DshackTech.musicShack;
				PRODUCT_NAME = "$(TARGET_NAME)";
			};
			name = Debug;
		};
		6975BD4E1D7D3DE70012B029 /* Release */ = {
			isa = XCBuildConfiguration;
			buildSettings = {
				ASSETCATALOG_COMPILER_APPICON_NAME = AppIcon;
				INFOPLIST_FILE = musicShack/Info.plist;
				LD_RUNPATH_SEARCH_PATHS = "$(inherited) @executable_path/Frameworks";
				PRODUCT_BUNDLE_IDENTIFIER = DshackTech.musicShack;
				PRODUCT_NAME = "$(TARGET_NAME)";
			};
			name = Release;
		};
		6975BD501D7D3DE70012B029 /* Debug */ = {
			isa = XCBuildConfiguration;
			buildSettings = {
				BUNDLE_LOADER = "$(TEST_HOST)";
				INFOPLIST_FILE = musicShackTests/Info.plist;
				LD_RUNPATH_SEARCH_PATHS = "$(inherited) @executable_path/Frameworks @loader_path/Frameworks";
				PRODUCT_BUNDLE_IDENTIFIER = DshackTech.musicShackTests;
				PRODUCT_NAME = "$(TARGET_NAME)";
				TEST_HOST = "$(BUILT_PRODUCTS_DIR)/musicShack.app/musicShack";
			};
			name = Debug;
		};
		6975BD511D7D3DE70012B029 /* Release */ = {
			isa = XCBuildConfiguration;
			buildSettings = {
				BUNDLE_LOADER = "$(TEST_HOST)";
				INFOPLIST_FILE = musicShackTests/Info.plist;
				LD_RUNPATH_SEARCH_PATHS = "$(inherited) @executable_path/Frameworks @loader_path/Frameworks";
				PRODUCT_BUNDLE_IDENTIFIER = DshackTech.musicShackTests;
				PRODUCT_NAME = "$(TARGET_NAME)";
				TEST_HOST = "$(BUILT_PRODUCTS_DIR)/musicShack.app/musicShack";
			};
			name = Release;
		};
		6975BD531D7D3DE70012B029 /* Debug */ = {
			isa = XCBuildConfiguration;
			buildSettings = {
				INFOPLIST_FILE = musicShackUITests/Info.plist;
				LD_RUNPATH_SEARCH_PATHS = "$(inherited) @executable_path/Frameworks @loader_path/Frameworks";
				PRODUCT_BUNDLE_IDENTIFIER = DshackTech.musicShackUITests;
				PRODUCT_NAME = "$(TARGET_NAME)";
				TEST_TARGET_NAME = musicShack;
			};
			name = Debug;
		};
		6975BD541D7D3DE70012B029 /* Release */ = {
			isa = XCBuildConfiguration;
			buildSettings = {
				INFOPLIST_FILE = musicShackUITests/Info.plist;
				LD_RUNPATH_SEARCH_PATHS = "$(inherited) @executable_path/Frameworks @loader_path/Frameworks";
				PRODUCT_BUNDLE_IDENTIFIER = DshackTech.musicShackUITests;
				PRODUCT_NAME = "$(TARGET_NAME)";
				TEST_TARGET_NAME = musicShack;
			};
			name = Release;
		};
/* End XCBuildConfiguration section */

/* Begin XCConfigurationList section */
		6975BD1A1D7D3DE70012B029 /* Build configuration list for PBXProject "musicShack" */ = {
			isa = XCConfigurationList;
			buildConfigurations = (
				6975BD4A1D7D3DE70012B029 /* Debug */,
				6975BD4B1D7D3DE70012B029 /* Release */,
			);
			defaultConfigurationIsVisible = 0;
			defaultConfigurationName = Release;
		};
		6975BD4C1D7D3DE70012B029 /* Build configuration list for PBXNativeTarget "musicShack" */ = {
			isa = XCConfigurationList;
			buildConfigurations = (
				6975BD4D1D7D3DE70012B029 /* Debug */,
				6975BD4E1D7D3DE70012B029 /* Release */,
			);
			defaultConfigurationIsVisible = 0;
			defaultConfigurationName = Release;
		};
		6975BD4F1D7D3DE70012B029 /* Build configuration list for PBXNativeTarget "musicShackTests" */ = {
			isa = XCConfigurationList;
			buildConfigurations = (
				6975BD501D7D3DE70012B029 /* Debug */,
				6975BD511D7D3DE70012B029 /* Release */,
			);
			defaultConfigurationIsVisible = 0;
			defaultConfigurationName = Release;
		};
		6975BD521D7D3DE70012B029 /* Build configuration list for PBXNativeTarget "musicShackUITests" */ = {
			isa = XCConfigurationList;
			buildConfigurations = (
				6975BD531D7D3DE70012B029 /* Debug */,
				6975BD541D7D3DE70012B029 /* Release */,
			);
			defaultConfigurationIsVisible = 0;
			defaultConfigurationName = Release;
		};
/* End XCConfigurationList section */
	};
	rootObject = 6975BD171D7D3DE70012B029 /* Project object */;
}
